// !$*UTF8*$!
{
	archiveVersion = 1;
	classes = {
	};
	objectVersion = 48;
	objects = {

/* Begin PBXBuildFile section */
		11321F50208878A500BD2118 /* AppDelegate.m in Sources */ = {isa = PBXBuildFile; fileRef = 11321F4F208878A500BD2118 /* AppDelegate.m */; };
		11321F53208878A500BD2118 /* ViewController.m in Sources */ = {isa = PBXBuildFile; fileRef = 11321F52208878A500BD2118 /* ViewController.m */; };
		11321F56208878A500BD2118 /* Main.storyboard in Resources */ = {isa = PBXBuildFile; fileRef = 11321F54208878A500BD2118 /* Main.storyboard */; };
		11321F58208878A500BD2118 /* Assets.xcassets in Resources */ = {isa = PBXBuildFile; fileRef = 11321F57208878A500BD2118 /* Assets.xcassets */; };
		11321F5B208878A500BD2118 /* LaunchScreen.storyboard in Resources */ = {isa = PBXBuildFile; fileRef = 11321F59208878A500BD2118 /* LaunchScreen.storyboard */; };
		11321F5E208878A500BD2118 /* main.m in Sources */ = {isa = PBXBuildFile; fileRef = 11321F5D208878A500BD2118 /* main.m */; };
		11321F68208878A600BD2118 /* MVVMLearnDemoTests.m in Sources */ = {isa = PBXBuildFile; fileRef = 11321F67208878A600BD2118 /* MVVMLearnDemoTests.m */; };
		11321F73208878A600BD2118 /* MVVMLearnDemoUITests.m in Sources */ = {isa = PBXBuildFile; fileRef = 11321F72208878A600BD2118 /* MVVMLearnDemoUITests.m */; };
		11321F8320887A6C00BD2118 /* SKModel.m in Sources */ = {isa = PBXBuildFile; fileRef = 11321F8220887A6C00BD2118 /* SKModel.m */; };
		11321F8620887AB300BD2118 /* SKView.m in Sources */ = {isa = PBXBuildFile; fileRef = 11321F8520887AB300BD2118 /* SKView.m */; };
		11321F8920887AD600BD2118 /* SKViewModel.m in Sources */ = {isa = PBXBuildFile; fileRef = 11321F8820887AD600BD2118 /* SKViewModel.m */; };
		11321F9420888F9C00BD2118 /* 5.png in Resources */ = {isa = PBXBuildFile; fileRef = 11321F8B20888F9A00BD2118 /* 5.png */; };
		11321F9520888F9C00BD2118 /* 7.png in Resources */ = {isa = PBXBuildFile; fileRef = 11321F8C20888F9B00BD2118 /* 7.png */; };
		11321F9620888F9C00BD2118 /* 4.png in Resources */ = {isa = PBXBuildFile; fileRef = 11321F8D20888F9B00BD2118 /* 4.png */; };
		11321F9720888F9C00BD2118 /* 1.png in Resources */ = {isa = PBXBuildFile; fileRef = 11321F8E20888F9B00BD2118 /* 1.png */; };
		11321F9820888F9C00BD2118 /* 2.png in Resources */ = {isa = PBXBuildFile; fileRef = 11321F8F20888F9B00BD2118 /* 2.png */; };
		11321F9920888F9C00BD2118 /* 6.png in Resources */ = {isa = PBXBuildFile; fileRef = 11321F9020888F9B00BD2118 /* 6.png */; };
		11321F9A20888F9C00BD2118 /* 8.png in Resources */ = {isa = PBXBuildFile; fileRef = 11321F9120888F9B00BD2118 /* 8.png */; };
		11321F9B20888F9C00BD2118 /* 9.png in Resources */ = {isa = PBXBuildFile; fileRef = 11321F9220888F9B00BD2118 /* 9.png */; };
		11321F9C20888F9C00BD2118 /* 3.png in Resources */ = {isa = PBXBuildFile; fileRef = 11321F9320888F9C00BD2118 /* 3.png */; };
/* End PBXBuildFile section */

/* Begin PBXContainerItemProxy section */
		11321F64208878A500BD2118 /* PBXContainerItemProxy */ = {
			isa = PBXContainerItemProxy;
			containerPortal = 11321F43208878A500BD2118 /* Project object */;
			proxyType = 1;
			remoteGlobalIDString = 11321F4A208878A500BD2118;
			remoteInfo = MVVMLearnDemo;
		};
		11321F6F208878A600BD2118 /* PBXContainerItemProxy */ = {
			isa = PBXContainerItemProxy;
			containerPortal = 11321F43208878A500BD2118 /* Project object */;
			proxyType = 1;
			remoteGlobalIDString = 11321F4A208878A500BD2118;
			remoteInfo = MVVMLearnDemo;
		};
/* End PBXContainerItemProxy section */

/* Begin PBXFileReference section */
		11321F4B208878A500BD2118 /* MVVMLearnDemo.app */ = {isa = PBXFileReference; explicitFileType = wrapper.application; includeInIndex = 0; path = MVVMLearnDemo.app; sourceTree = BUILT_PRODUCTS_DIR; };
		11321F4E208878A500BD2118 /* AppDelegate.h */ = {isa = PBXFileReference; lastKnownFileType = sourcecode.c.h; path = AppDelegate.h; sourceTree = "<group>"; };
		11321F4F208878A500BD2118 /* AppDelegate.m */ = {isa = PBXFileReference; lastKnownFileType = sourcecode.c.objc; path = AppDelegate.m; sourceTree = "<group>"; };
		11321F51208878A500BD2118 /* ViewController.h */ = {isa = PBXFileReference; lastKnownFileType = sourcecode.c.h; path = ViewController.h; sourceTree = "<group>"; };
		11321F52208878A500BD2118 /* ViewController.m */ = {isa = PBXFileReference; lastKnownFileType = sourcecode.c.objc; path = ViewController.m; sourceTree = "<group>"; };
		11321F55208878A500BD2118 /* Base */ = {isa = PBXFileReference; lastKnownFileType = file.storyboard; name = Base; path = Base.lproj/Main.storyboard; sourceTree = "<group>"; };
		11321F57208878A500BD2118 /* Assets.xcassets */ = {isa = PBXFileReference; lastKnownFileType = folder.assetcatalog; path = Assets.xcassets; sourceTree = "<group>"; };
		11321F5A208878A500BD2118 /* Base */ = {isa = PBXFileReference; lastKnownFileType = file.storyboard; name = Base; path = Base.lproj/LaunchScreen.storyboard; sourceTree = "<group>"; };
		11321F5C208878A500BD2118 /* Info.plist */ = {isa = PBXFileReference; lastKnownFileType = text.plist.xml; path = Info.plist; sourceTree = "<group>"; };
		11321F5D208878A500BD2118 /* main.m */ = {isa = PBXFileReference; lastKnownFileType = sourcecode.c.objc; path = main.m; sourceTree = "<group>"; };
		11321F63208878A500BD2118 /* MVVMLearnDemoTests.xctest */ = {isa = PBXFileReference; explicitFileType = wrapper.cfbundle; includeInIndex = 0; path = MVVMLearnDemoTests.xctest; sourceTree = BUILT_PRODUCTS_DIR; };
		11321F67208878A600BD2118 /* MVVMLearnDemoTests.m */ = {isa = PBXFileReference; lastKnownFileType = sourcecode.c.objc; path = MVVMLearnDemoTests.m; sourceTree = "<group>"; };
		11321F69208878A600BD2118 /* Info.plist */ = {isa = PBXFileReference; lastKnownFileType = text.plist.xml; path = Info.plist; sourceTree = "<group>"; };
		11321F6E208878A600BD2118 /* MVVMLearnDemoUITests.xctest */ = {isa = PBXFileReference; explicitFileType = wrapper.cfbundle; includeInIndex = 0; path = MVVMLearnDemoUITests.xctest; sourceTree = BUILT_PRODUCTS_DIR; };
		11321F72208878A600BD2118 /* MVVMLearnDemoUITests.m */ = {isa = PBXFileReference; lastKnownFileType = sourcecode.c.objc; path = MVVMLearnDemoUITests.m; sourceTree = "<group>"; };
		11321F74208878A600BD2118 /* Info.plist */ = {isa = PBXFileReference; lastKnownFileType = text.plist.xml; path = Info.plist; sourceTree = "<group>"; };
		11321F8120887A6C00BD2118 /* SKModel.h */ = {isa = PBXFileReference; lastKnownFileType = sourcecode.c.h; path = SKModel.h; sourceTree = "<group>"; };
		11321F8220887A6C00BD2118 /* SKModel.m */ = {isa = PBXFileReference; lastKnownFileType = sourcecode.c.objc; path = SKModel.m; sourceTree = "<group>"; };
		11321F8420887AB300BD2118 /* SKView.h */ = {isa = PBXFileReference; lastKnownFileType = sourcecode.c.h; path = SKView.h; sourceTree = "<group>"; };
		11321F8520887AB300BD2118 /* SKView.m */ = {isa = PBXFileReference; lastKnownFileType = sourcecode.c.objc; path = SKView.m; sourceTree = "<group>"; };
		11321F8720887AD600BD2118 /* SKViewModel.h */ = {isa = PBXFileReference; lastKnownFileType = sourcecode.c.h; path = SKViewModel.h; sourceTree = "<group>"; };
		11321F8820887AD600BD2118 /* SKViewModel.m */ = {isa = PBXFileReference; lastKnownFileType = sourcecode.c.objc; path = SKViewModel.m; sourceTree = "<group>"; };
		11321F8B20888F9A00BD2118 /* 5.png */ = {isa = PBXFileReference; lastKnownFileType = image.png; path = 5.png; sourceTree = "<group>"; };
		11321F8C20888F9B00BD2118 /* 7.png */ = {isa = PBXFileReference; lastKnownFileType = image.png; path = 7.png; sourceTree = "<group>"; };
		11321F8D20888F9B00BD2118 /* 4.png */ = {isa = PBXFileReference; lastKnownFileType = image.png; path = 4.png; sourceTree = "<group>"; };
		11321F8E20888F9B00BD2118 /* 1.png */ = {isa = PBXFileReference; lastKnownFileType = image.png; path = 1.png; sourceTree = "<group>"; };
		11321F8F20888F9B00BD2118 /* 2.png */ = {isa = PBXFileReference; lastKnownFileType = image.png; path = 2.png; sourceTree = "<group>"; };
		11321F9020888F9B00BD2118 /* 6.png */ = {isa = PBXFileReference; lastKnownFileType = image.png; path = 6.png; sourceTree = "<group>"; };
		11321F9120888F9B00BD2118 /* 8.png */ = {isa = PBXFileReference; lastKnownFileType = image.png; path = 8.png; sourceTree = "<group>"; };
		11321F9220888F9B00BD2118 /* 9.png */ = {isa = PBXFileReference; lastKnownFileType = image.png; path = 9.png; sourceTree = "<group>"; };
		11321F9320888F9C00BD2118 /* 3.png */ = {isa = PBXFileReference; lastKnownFileType = image.png; path = 3.png; sourceTree = "<group>"; };
/* End PBXFileReference section */

/* Begin PBXFrameworksBuildPhase section */
		11321F48208878A500BD2118 /* Frameworks */ = {
			isa = PBXFrameworksBuildPhase;
			buildActionMask = 2147483647;
			files = (
			);
			runOnlyForDeploymentPostprocessing = 0;
		};
		11321F60208878A500BD2118 /* Frameworks */ = {
			isa = PBXFrameworksBuildPhase;
			buildActionMask = 2147483647;
			files = (
			);
			runOnlyForDeploymentPostprocessing = 0;
		};
		11321F6B208878A600BD2118 /* Frameworks */ = {
			isa = PBXFrameworksBuildPhase;
			buildActionMask = 2147483647;
			files = (
			);
			runOnlyForDeploymentPostprocessing = 0;
		};
/* End PBXFrameworksBuildPhase section */

/* Begin PBXGroup section */
		11321F42208878A500BD2118 = {
			isa = PBXGroup;
			children = (
				11321F4D208878A500BD2118 /* MVVMLearnDemo */,
				11321F66208878A500BD2118 /* MVVMLearnDemoTests */,
				11321F71208878A600BD2118 /* MVVMLearnDemoUITests */,
				11321F4C208878A500BD2118 /* Products */,
			);
			sourceTree = "<group>";
		};
		11321F4C208878A500BD2118 /* Products */ = {
			isa = PBXGroup;
			children = (
				11321F4B208878A500BD2118 /* MVVMLearnDemo.app */,
				11321F63208878A500BD2118 /* MVVMLearnDemoTests.xctest */,
				11321F6E208878A600BD2118 /* MVVMLearnDemoUITests.xctest */,
			);
			name = Products;
			sourceTree = "<group>";
		};
		11321F4D208878A500BD2118 /* MVVMLearnDemo */ = {
			isa = PBXGroup;
			children = (
				11321F8E20888F9B00BD2118 /* 1.png */,
				11321F8F20888F9B00BD2118 /* 2.png */,
				11321F9320888F9C00BD2118 /* 3.png */,
				11321F8D20888F9B00BD2118 /* 4.png */,
				11321F8B20888F9A00BD2118 /* 5.png */,
				11321F9020888F9B00BD2118 /* 6.png */,
				11321F8C20888F9B00BD2118 /* 7.png */,
				11321F9120888F9B00BD2118 /* 8.png */,
				11321F9220888F9B00BD2118 /* 9.png */,
				11321F8020887A4800BD2118 /* MVVM */,
				11321F4E208878A500BD2118 /* AppDelegate.h */,
				11321F4F208878A500BD2118 /* AppDelegate.m */,
				11321F51208878A500BD2118 /* ViewController.h */,
				11321F52208878A500BD2118 /* ViewController.m */,
				11321F54208878A500BD2118 /* Main.storyboard */,
				11321F57208878A500BD2118 /* Assets.xcassets */,
				11321F59208878A500BD2118 /* LaunchScreen.storyboard */,
				11321F5C208878A500BD2118 /* Info.plist */,
				11321F5D208878A500BD2118 /* main.m */,
			);
			path = MVVMLearnDemo;
			sourceTree = "<group>";
		};
		11321F66208878A500BD2118 /* MVVMLearnDemoTests */ = {
			isa = PBXGroup;
			children = (
				11321F67208878A600BD2118 /* MVVMLearnDemoTests.m */,
				11321F69208878A600BD2118 /* Info.plist */,
			);
			path = MVVMLearnDemoTests;
			sourceTree = "<group>";
		};
		11321F71208878A600BD2118 /* MVVMLearnDemoUITests */ = {
			isa = PBXGroup;
			children = (
				11321F72208878A600BD2118 /* MVVMLearnDemoUITests.m */,
				11321F74208878A600BD2118 /* Info.plist */,
			);
			path = MVVMLearnDemoUITests;
			sourceTree = "<group>";
		};
		11321F8020887A4800BD2118 /* MVVM */ = {
			isa = PBXGroup;
			children = (
				11321F8120887A6C00BD2118 /* SKModel.h */,
				11321F8220887A6C00BD2118 /* SKModel.m */,
				11321F8420887AB300BD2118 /* SKView.h */,
				11321F8520887AB300BD2118 /* SKView.m */,
				11321F8720887AD600BD2118 /* SKViewModel.h */,
				11321F8820887AD600BD2118 /* SKViewModel.m */,
			);
			path = MVVM;
			sourceTree = "<group>";
		};
/* End PBXGroup section */

/* Begin PBXNativeTarget section */
		11321F4A208878A500BD2118 /* MVVMLearnDemo */ = {
			isa = PBXNativeTarget;
			buildConfigurationList = 11321F77208878A600BD2118 /* Build configuration list for PBXNativeTarget "MVVMLearnDemo" */;
			buildPhases = (
				11321F47208878A500BD2118 /* Sources */,
				11321F48208878A500BD2118 /* Frameworks */,
				11321F49208878A500BD2118 /* Resources */,
			);
			buildRules = (
			);
			dependencies = (
			);
			name = MVVMLearnDemo;
			productName = MVVMLearnDemo;
			productReference = 11321F4B208878A500BD2118 /* MVVMLearnDemo.app */;
			productType = "com.apple.product-type.application";
		};
		11321F62208878A500BD2118 /* MVVMLearnDemoTests */ = {
			isa = PBXNativeTarget;
			buildConfigurationList = 11321F7A208878A600BD2118 /* Build configuration list for PBXNativeTarget "MVVMLearnDemoTests" */;
			buildPhases = (
				11321F5F208878A500BD2118 /* Sources */,
				11321F60208878A500BD2118 /* Frameworks */,
				11321F61208878A500BD2118 /* Resources */,
			);
			buildRules = (
			);
			dependencies = (
				11321F65208878A500BD2118 /* PBXTargetDependency */,
			);
			name = MVVMLearnDemoTests;
			productName = MVVMLearnDemoTests;
			productReference = 11321F63208878A500BD2118 /* MVVMLearnDemoTests.xctest */;
			productType = "com.apple.product-type.bundle.unit-test";
		};
		11321F6D208878A600BD2118 /* MVVMLearnDemoUITests */ = {
			isa = PBXNativeTarget;
			buildConfigurationList = 11321F7D208878A600BD2118 /* Build configuration list for PBXNativeTarget "MVVMLearnDemoUITests" */;
			buildPhases = (
				11321F6A208878A600BD2118 /* Sources */,
				11321F6B208878A600BD2118 /* Frameworks */,
				11321F6C208878A600BD2118 /* Resources */,
			);
			buildRules = (
			);
			dependencies = (
				11321F70208878A600BD2118 /* PBXTargetDependency */,
			);
			name = MVVMLearnDemoUITests;
			productName = MVVMLearnDemoUITests;
			productReference = 11321F6E208878A600BD2118 /* MVVMLearnDemoUITests.xctest */;
			productType = "com.apple.product-type.bundle.ui-testing";
		};
/* End PBXNativeTarget section */

/* Begin PBXProject section */
		11321F43208878A500BD2118 /* Project object */ = {
			isa = PBXProject;
			attributes = {
				LastUpgradeCheck = 0920;
				ORGANIZATIONNAME = alexander;
				TargetAttributes = {
					11321F4A208878A500BD2118 = {
						CreatedOnToolsVersion = 9.2;
						ProvisioningStyle = Automatic;
					};
					11321F62208878A500BD2118 = {
						CreatedOnToolsVersion = 9.2;
						ProvisioningStyle = Automatic;
						TestTargetID = 11321F4A208878A500BD2118;
					};
					11321F6D208878A600BD2118 = {
						CreatedOnToolsVersion = 9.2;
						ProvisioningStyle = Automatic;
						TestTargetID = 11321F4A208878A500BD2118;
					};
				};
			};
			buildConfigurationList = 11321F46208878A500BD2118 /* Build configuration list for PBXProject "MVVMLearnDemo" */;
			compatibilityVersion = "Xcode 8.0";
			developmentRegion = en;
			hasScannedForEncodings = 0;
			knownRegions = (
				en,
				Base,
			);
			mainGroup = 11321F42208878A500BD2118;
			productRefGroup = 11321F4C208878A500BD2118 /* Products */;
			projectDirPath = "";
			projectRoot = "";
			targets = (
				11321F4A208878A500BD2118 /* MVVMLearnDemo */,
				11321F62208878A500BD2118 /* MVVMLearnDemoTests */,
				11321F6D208878A600BD2118 /* MVVMLearnDemoUITests */,
			);
		};
/* End PBXProject section */

/* Begin PBXResourcesBuildPhase section */
		11321F49208878A500BD2118 /* Resources */ = {
			isa = PBXResourcesBuildPhase;
			buildActionMask = 2147483647;
			files = (
				11321F9B20888F9C00BD2118 /* 9.png in Resources */,
				11321F9A20888F9C00BD2118 /* 8.png in Resources */,
				11321F9620888F9C00BD2118 /* 4.png in Resources */,
				11321F9C20888F9C00BD2118 /* 3.png in Resources */,
				11321F5B208878A500BD2118 /* LaunchScreen.storyboard in Resources */,
				11321F9820888F9C00BD2118 /* 2.png in Resources */,
				11321F9920888F9C00BD2118 /* 6.png in Resources */,
				11321F9420888F9C00BD2118 /* 5.png in Resources */,
				11321F9520888F9C00BD2118 /* 7.png in Resources */,
				11321F58208878A500BD2118 /* Assets.xcassets in Resources */,
				11321F56208878A500BD2118 /* Main.storyboard in Resources */,
				11321F9720888F9C00BD2118 /* 1.png in Resources */,
			);
			runOnlyForDeploymentPostprocessing = 0;
		};
		11321F61208878A500BD2118 /* Resources */ = {
			isa = PBXResourcesBuildPhase;
			buildActionMask = 2147483647;
			files = (
			);
			runOnlyForDeploymentPostprocessing = 0;
		};
		11321F6C208878A600BD2118 /* Resources */ = {
			isa = PBXResourcesBuildPhase;
			buildActionMask = 2147483647;
			files = (
			);
			runOnlyForDeploymentPostprocessing = 0;
		};
/* End PBXResourcesBuildPhase section */

/* Begin PBXSourcesBuildPhase section */
		11321F47208878A500BD2118 /* Sources */ = {
			isa = PBXSourcesBuildPhase;
			buildActionMask = 2147483647;
			files = (
				11321F53208878A500BD2118 /* ViewController.m in Sources */,
				11321F5E208878A500BD2118 /* main.m in Sources */,
				11321F50208878A500BD2118 /* AppDelegate.m in Sources */,
				11321F8320887A6C00BD2118 /* SKModel.m in Sources */,
				11321F8920887AD600BD2118 /* SKViewModel.m in Sources */,
				11321F8620887AB300BD2118 /* SKView.m in Sources */,
			);
			runOnlyForDeploymentPostprocessing = 0;
		};
		11321F5F208878A500BD2118 /* Sources */ = {
			isa = PBXSourcesBuildPhase;
			buildActionMask = 2147483647;
			files = (
				11321F68208878A600BD2118 /* MVVMLearnDemoTests.m in Sources */,
			);
			runOnlyForDeploymentPostprocessing = 0;
		};
		11321F6A208878A600BD2118 /* Sources */ = {
			isa = PBXSourcesBuildPhase;
			buildActionMask = 2147483647;
			files = (
				11321F73208878A600BD2118 /* MVVMLearnDemoUITests.m in Sources */,
			);
			runOnlyForDeploymentPostprocessing = 0;
		};
/* End PBXSourcesBuildPhase section */

/* Begin PBXTargetDependency section */
		11321F65208878A500BD2118 /* PBXTargetDependency */ = {
			isa = PBXTargetDependency;
			target = 11321F4A208878A500BD2118 /* MVVMLearnDemo */;
			targetProxy = 11321F64208878A500BD2118 /* PBXContainerItemProxy */;
		};
		11321F70208878A600BD2118 /* PBXTargetDependency */ = {
			isa = PBXTargetDependency;
			target = 11321F4A208878A500BD2118 /* MVVMLearnDemo */;
			targetProxy = 11321F6F208878A600BD2118 /* PBXContainerItemProxy */;
		};
/* End PBXTargetDependency section */

/* Begin PBXVariantGroup section */
		11321F54208878A500BD2118 /* Main.storyboard */ = {
			isa = PBXVariantGroup;
			children = (
				11321F55208878A500BD2118 /* Base */,
			);
			name = Main.storyboard;
			sourceTree = "<group>";
		};
		11321F59208878A500BD2118 /* LaunchScreen.storyboard */ = {
			isa = PBXVariantGroup;
			children = (
				11321F5A208878A500BD2118 /* Base */,
			);
			name = LaunchScreen.storyboard;
			sourceTree = "<group>";
		};
/* End PBXVariantGroup section */

/* Begin XCBuildConfiguration section */
		11321F75208878A600BD2118 /* Debug */ = {
			isa = XCBuildConfiguration;
			buildSettings = {
				ALWAYS_SEARCH_USER_PATHS = NO;
				CLANG_ANALYZER_NONNULL = YES;
				CLANG_ANALYZER_NUMBER_OBJECT_CONVERSION = YES_AGGRESSIVE;
				CLANG_CXX_LANGUAGE_STANDARD = "gnu++14";
				CLANG_CXX_LIBRARY = "libc++";
				CLANG_ENABLE_MODULES = YES;
				CLANG_ENABLE_OBJC_ARC = YES;
				CLANG_WARN_BLOCK_CAPTURE_AUTORELEASING = YES;
				CLANG_WARN_BOOL_CONVERSION = YES;
				CLANG_WARN_COMMA = YES;
				CLANG_WARN_CONSTANT_CONVERSION = YES;
				CLANG_WARN_DIRECT_OBJC_ISA_USAGE = YES_ERROR;
				CLANG_WARN_DOCUMENTATION_COMMENTS = YES;
				CLANG_WARN_EMPTY_BODY = YES;
				CLANG_WARN_ENUM_CONVERSION = YES;
				CLANG_WARN_INFINITE_RECURSION = YES;
				CLANG_WARN_INT_CONVERSION = YES;
				CLANG_WARN_NON_LITERAL_NULL_CONVERSION = YES;
				CLANG_WARN_OBJC_LITERAL_CONVERSION = YES;
				CLANG_WARN_OBJC_ROOT_CLASS = YES_ERROR;
				CLANG_WARN_RANGE_LOOP_ANALYSIS = YES;
				CLANG_WARN_STRICT_PROTOTYPES = YES;
				CLANG_WARN_SUSPICIOUS_MOVE = YES;
				CLANG_WARN_UNGUARDED_AVAILABILITY = YES_AGGRESSIVE;
				CLANG_WARN_UNREACHABLE_CODE = YES;
				CLANG_WARN__DUPLICATE_METHOD_MATCH = YES;
				CODE_SIGN_IDENTITY = "iPhone Developer";
				COPY_PHASE_STRIP = NO;
				DEBUG_INFORMATION_FORMAT = dwarf;
				ENABLE_STRICT_OBJC_MSGSEND = YES;
				ENABLE_TESTABILITY = YES;
				GCC_C_LANGUAGE_STANDARD = gnu11;
				GCC_DYNAMIC_NO_PIC = NO;
				GCC_NO_COMMON_BLOCKS = YES;
				GCC_OPTIMIZATION_LEVEL = 0;
				GCC_PREPROCESSOR_DEFINITIONS = (
					"DEBUG=1",
					"$(inherited)",
				);
				GCC_WARN_64_TO_32_BIT_CONVERSION = YES;
				GCC_WARN_ABOUT_RETURN_TYPE = YES_ERROR;
				GCC_WARN_UNDECLARED_SELECTOR = YES;
				GCC_WARN_UNINITIALIZED_AUTOS = YES_AGGRESSIVE;
				GCC_WARN_UNUSED_FUNCTION = YES;
				GCC_WARN_UNUSED_VARIABLE = YES;
				IPHONEOS_DEPLOYMENT_TARGET = 11.2;
				MTL_ENABLE_DEBUG_INFO = YES;
				ONLY_ACTIVE_ARCH = YES;
				SDKROOT = iphoneos;
			};
			name = Debug;
		};
		11321F76208878A600BD2118 /* Release */ = {
			isa = XCBuildConfiguration;
			buildSettings = {
				ALWAYS_SEARCH_USER_PATHS = NO;
				CLANG_ANALYZER_NONNULL = YES;
				CLANG_ANALYZER_NUMBER_OBJECT_CONVERSION = YES_AGGRESSIVE;
				CLANG_CXX_LANGUAGE_STANDARD = "gnu++14";
				CLANG_CXX_LIBRARY = "libc++";
				CLANG_ENABLE_MODULES = YES;
				CLANG_ENABLE_OBJC_ARC = YES;
				CLANG_WARN_BLOCK_CAPTURE_AUTORELEASING = YES;
				CLANG_WARN_BOOL_CONVERSION = YES;
				CLANG_WARN_COMMA = YES;
				CLANG_WARN_CONSTANT_CONVERSION = YES;
				CLANG_WARN_DIRECT_OBJC_ISA_USAGE = YES_ERROR;
				CLANG_WARN_DOCUMENTATION_COMMENTS = YES;
				CLANG_WARN_EMPTY_BODY = YES;
				CLANG_WARN_ENUM_CONVERSION = YES;
				CLANG_WARN_INFINITE_RECURSION = YES;
				CLANG_WARN_INT_CONVERSION = YES;
				CLANG_WARN_NON_LITERAL_NULL_CONVERSION = YES;
				CLANG_WARN_OBJC_LITERAL_CONVERSION = YES;
				CLANG_WARN_OBJC_ROOT_CLASS = YES_ERROR;
				CLANG_WARN_RANGE_LOOP_ANALYSIS = YES;
				CLANG_WARN_STRICT_PROTOTYPES = YES;
				CLANG_WARN_SUSPICIOUS_MOVE = YES;
				CLANG_WARN_UNGUARDED_AVAILABILITY = YES_AGGRESSIVE;
				CLANG_WARN_UNREACHABLE_CODE = YES;
				CLANG_WARN__DUPLICATE_METHOD_MATCH = YES;
				CODE_SIGN_IDENTITY = "iPhone Developer";
				COPY_PHASE_STRIP = NO;
				DEBUG_INFORMATION_FORMAT = "dwarf-with-dsym";
				ENABLE_NS_ASSERTIONS = NO;
				ENABLE_STRICT_OBJC_MSGSEND = YES;
				GCC_C_LANGUAGE_STANDARD = gnu11;
				GCC_NO_COMMON_BLOCKS = YES;
				GCC_WARN_64_TO_32_BIT_CONVERSION = YES;
				GCC_WARN_ABOUT_RETURN_TYPE = YES_ERROR;
				GCC_WARN_UNDECLARED_SELECTOR = YES;
				GCC_WARN_UNINITIALIZED_AUTOS = YES_AGGRESSIVE;
				GCC_WARN_UNUSED_FUNCTION = YES;
				GCC_WARN_UNUSED_VARIABLE = YES;
				IPHONEOS_DEPLOYMENT_TARGET = 11.2;
				MTL_ENABLE_DEBUG_INFO = NO;
				SDKROOT = iphoneos;
				VALIDATE_PRODUCT = YES;
			};
			name = Release;
		};
		11321F78208878A600BD2118 /* Debug */ = {
			isa = XCBuildConfiguration;
			buildSettings = {
				ASSETCATALOG_COMPILER_APPICON_NAME = AppIcon;
				CODE_SIGN_STYLE = Automatic;
				INFOPLIST_FILE = MVVMLearnDemo/Info.plist;
				LD_RUNPATH_SEARCH_PATHS = "$(inherited) @executable_path/Frameworks";
				PRODUCT_BUNDLE_IDENTIFIER = com.sk.MVVMLearnDemo;
				PRODUCT_NAME = "$(TARGET_NAME)";
				TARGETED_DEVICE_FAMILY = "1,2";
			};
			name = Debug;
		};
		11321F79208878A600BD2118 /* Release */ = {
			isa = XCBuildConfiguration;
			buildSettings = {
				ASSETCATALOG_COMPILER_APPICON_NAME = AppIcon;
				CODE_SIGN_STYLE = Automatic;
				INFOPLIST_FILE = MVVMLearnDemo/Info.plist;
				LD_RUNPATH_SEARCH_PATHS = "$(inherited) @executable_path/Frameworks";
				PRODUCT_BUNDLE_IDENTIFIER = com.sk.MVVMLearnDemo;
				PRODUCT_NAME = "$(TARGET_NAME)";
				TARGETED_DEVICE_FAMILY = "1,2";
			};
			name = Release;
		};
		11321F7B208878A600BD2118 /* Debug */ = {
			isa = XCBuildConfiguration;
			buildSettings = {
				BUNDLE_LOADER = "$(TEST_HOST)";
				CODE_SIGN_STYLE = Automatic;
				INFOPLIST_FILE = MVVMLearnDemoTests/Info.plist;
				LD_RUNPATH_SEARCH_PATHS = "$(inherited) @executable_path/Frameworks @loader_path/Frameworks";
				PRODUCT_BUNDLE_IDENTIFIER = com.sk.MVVMLearnDemoTests;
				PRODUCT_NAME = "$(TARGET_NAME)";
				TARGETED_DEVICE_FAMILY = "1,2";
				TEST_HOST = "$(BUILT_PRODUCTS_DIR)/MVVMLearnDemo.app/MVVMLearnDemo";
			};
			name = Debug;
		};
		11321F7C208878A600BD2118 /* Release */ = {
			isa = XCBuildConfiguration;
			buildSettings = {
				BUNDLE_LOADER = "$(TEST_HOST)";
				CODE_SIGN_STYLE = Automatic;
				INFOPLIST_FILE = MVVMLearnDemoTests/Info.plist;
				LD_RUNPATH_SEARCH_PATHS = "$(inherited) @executable_path/Frameworks @loader_path/Frameworks";
				PRODUCT_BUNDLE_IDENTIFIER = com.sk.MVVMLearnDemoTests;
				PRODUCT_NAME = "$(TARGET_NAME)";
				TARGETED_DEVICE_FAMILY = "1,2";
				TEST_HOST = "$(BUILT_PRODUCTS_DIR)/MVVMLearnDemo.app/MVVMLearnDemo";
			};
			name = Release;
		};
		11321F7E208878A600BD2118 /* Debug */ = {
			isa = XCBuildConfiguration;
			buildSettings = {
				CODE_SIGN_STYLE = Automatic;
				INFOPLIST_FILE = MVVMLearnDemoUITests/Info.plist;
				LD_RUNPATH_SEARCH_PATHS = "$(inherited) @executable_path/Frameworks @loader_path/Frameworks";
				PRODUCT_BUNDLE_IDENTIFIER = com.sk.MVVMLearnDemoUITests;
				PRODUCT_NAME = "$(TARGET_NAME)";
				TARGETED_DEVICE_FAMILY = "1,2";
				TEST_TARGET_NAME = MVVMLearnDemo;
			};
			name = Debug;
		};
		11321F7F208878A600BD2118 /* Release */ = {
			isa = XCBuildConfiguration;
			buildSettings = {
				CODE_SIGN_STYLE = Automatic;
				INFOPLIST_FILE = MVVMLearnDemoUITests/Info.plist;
				LD_RUNPATH_SEARCH_PATHS = "$(inherited) @executable_path/Frameworks @loader_path/Frameworks";
				PRODUCT_BUNDLE_IDENTIFIER = com.sk.MVVMLearnDemoUITests;
				PRODUCT_NAME = "$(TARGET_NAME)";
				TARGETED_DEVICE_FAMILY = "1,2";
				TEST_TARGET_NAME = MVVMLearnDemo;
			};
			name = Release;
		};
/* End XCBuildConfiguration section */

/* Begin XCConfigurationList section */
		11321F46208878A500BD2118 /* Build configuration list for PBXProject "MVVMLearnDemo" */ = {
			isa = XCConfigurationList;
			buildConfigurations = (
				11321F75208878A600BD2118 /* Debug */,
				11321F76208878A600BD2118 /* Release */,
			);
			defaultConfigurationIsVisible = 0;
			defaultConfigurationName = Release;
		};
		11321F77208878A600BD2118 /* Build configuration list for PBXNativeTarget "MVVMLearnDemo" */ = {
			isa = XCConfigurationList;
			buildConfigurations = (
				11321F78208878A600BD2118 /* Debug */,
				11321F79208878A600BD2118 /* Release */,
			);
			defaultConfigurationIsVisible = 0;
			defaultConfigurationName = Release;
		};
		11321F7A208878A600BD2118 /* Build configuration list for PBXNativeTarget "MVVMLearnDemoTests" */ = {
			isa = XCConfigurationList;
			buildConfigurations = (
				11321F7B208878A600BD2118 /* Debug */,
				11321F7C208878A600BD2118 /* Release */,
			);
			defaultConfigurationIsVisible = 0;
			defaultConfigurationName = Release;
		};
		11321F7D208878A600BD2118 /* Build configuration list for PBXNativeTarget "MVVMLearnDemoUITests" */ = {
			isa = XCConfigurationList;
			buildConfigurations = (
				11321F7E208878A600BD2118 /* Debug */,
				11321F7F208878A600BD2118 /* Release */,
			);
			defaultConfigurationIsVisible = 0;
			defaultConfigurationName = Release;
		};
/* End XCConfigurationList section */
	};
	rootObject = 11321F43208878A500BD2118 /* Project object */;
}
